// !$*UTF8*$!
{
	archiveVersion = 1;
	classes = {
	};
	objectVersion = 55;
	objects = {

/* Begin PBXBuildFile section */
		750EE4051AF384C1F3E084D3 /* Pods_Parstagram.framework in Frameworks */ = {isa = PBXBuildFile; fileRef = D412974304215B4D1723E7EB /* Pods_Parstagram.framework */; };
		91D2A6AF3719E1EE8DAD2371 /* Pods_ParstagramTests.framework in Frameworks */ = {isa = PBXBuildFile; fileRef = 7BFA93C831E7D5C0CABFCDB4 /* Pods_ParstagramTests.framework */; };
		9E19363216B95BA3C2FE2E77 /* Pods_Parstagram_ParstagramUITests.framework in Frameworks */ = {isa = PBXBuildFile; fileRef = 2471B77ED3718AB929B8E181 /* Pods_Parstagram_ParstagramUITests.framework */; };
		D913CF8727ED6004004129FB /* FeedTableViewCell.swift in Sources */ = {isa = PBXBuildFile; fileRef = D913CF8627ED6004004129FB /* FeedTableViewCell.swift */; };
		D96F52C427E6972B0086F953 /* AppDelegate.swift in Sources */ = {isa = PBXBuildFile; fileRef = D96F52C327E6972B0086F953 /* AppDelegate.swift */; };
		D96F52C627E6972B0086F953 /* SceneDelegate.swift in Sources */ = {isa = PBXBuildFile; fileRef = D96F52C527E6972B0086F953 /* SceneDelegate.swift */; };
		D96F52CB27E6972B0086F953 /* Main.storyboard in Resources */ = {isa = PBXBuildFile; fileRef = D96F52C927E6972B0086F953 /* Main.storyboard */; };
		D96F52CD27E6972D0086F953 /* Assets.xcassets in Resources */ = {isa = PBXBuildFile; fileRef = D96F52CC27E6972D0086F953 /* Assets.xcassets */; };
		D96F52D027E6972D0086F953 /* LaunchScreen.storyboard in Resources */ = {isa = PBXBuildFile; fileRef = D96F52CE27E6972D0086F953 /* LaunchScreen.storyboard */; };
		D96F52DB27E6972D0086F953 /* ParstagramTests.swift in Sources */ = {isa = PBXBuildFile; fileRef = D96F52DA27E6972D0086F953 /* ParstagramTests.swift */; };
		D96F52E527E6972D0086F953 /* ParstagramUITests.swift in Sources */ = {isa = PBXBuildFile; fileRef = D96F52E427E6972D0086F953 /* ParstagramUITests.swift */; };
		D96F52E727E6972D0086F953 /* ParstagramUITestsLaunchTests.swift in Sources */ = {isa = PBXBuildFile; fileRef = D96F52E627E6972D0086F953 /* ParstagramUITestsLaunchTests.swift */; };
		D9A4FAF627F16139002AFDD9 /* CommentTableViewCell.swift in Sources */ = {isa = PBXBuildFile; fileRef = D9A4FAF527F16139002AFDD9 /* CommentTableViewCell.swift */; };
		D9ACAAB227E6991E00DE37A7 /* my_keys.swift in Sources */ = {isa = PBXBuildFile; fileRef = D9ACAAB127E6991E00DE37A7 /* my_keys.swift */; };
		D9ACAAB427E6A5DF00DE37A7 /* HomeViewController.swift in Sources */ = {isa = PBXBuildFile; fileRef = D9ACAAB327E6A5DF00DE37A7 /* HomeViewController.swift */; };
		D9ACAAB627E6A5EC00DE37A7 /* LoginViewController.swift in Sources */ = {isa = PBXBuildFile; fileRef = D9ACAAB527E6A5EC00DE37A7 /* LoginViewController.swift */; };
		D9C3F70C27E962860080CAA9 /* CameraViewController.swift in Sources */ = {isa = PBXBuildFile; fileRef = D9C3F70B27E962860080CAA9 /* CameraViewController.swift */; };
/* End PBXBuildFile section */

/* Begin PBXContainerItemProxy section */
		D96F52D727E6972D0086F953 /* PBXContainerItemProxy */ = {
			isa = PBXContainerItemProxy;
			containerPortal = D96F52B827E6972B0086F953 /* Project object */;
			proxyType = 1;
			remoteGlobalIDString = D96F52BF27E6972B0086F953;
			remoteInfo = Parstagram;
		};
		D96F52E127E6972D0086F953 /* PBXContainerItemProxy */ = {
			isa = PBXContainerItemProxy;
			containerPortal = D96F52B827E6972B0086F953 /* Project object */;
			proxyType = 1;
			remoteGlobalIDString = D96F52BF27E6972B0086F953;
			remoteInfo = Parstagram;
		};
/* End PBXContainerItemProxy section */

/* Begin PBXFileReference section */
		11C92A64E73E77F469FBC8A4 /* Pods-Parstagram-ParstagramUITests.release.xcconfig */ = {isa = PBXFileReference; includeInIndex = 1; lastKnownFileType = text.xcconfig; name = "Pods-Parstagram-ParstagramUITests.release.xcconfig"; path = "Target Support Files/Pods-Parstagram-ParstagramUITests/Pods-Parstagram-ParstagramUITests.release.xcconfig"; sourceTree = "<group>"; };
		2471B77ED3718AB929B8E181 /* Pods_Parstagram_ParstagramUITests.framework */ = {isa = PBXFileReference; explicitFileType = wrapper.framework; includeInIndex = 0; path = Pods_Parstagram_ParstagramUITests.framework; sourceTree = BUILT_PRODUCTS_DIR; };
		67C2B839DE07A4A7C89712C8 /* Pods-Parstagram.debug.xcconfig */ = {isa = PBXFileReference; includeInIndex = 1; lastKnownFileType = text.xcconfig; name = "Pods-Parstagram.debug.xcconfig"; path = "Target Support Files/Pods-Parstagram/Pods-Parstagram.debug.xcconfig"; sourceTree = "<group>"; };
		695EC750A09A7566727677E4 /* Pods-ParstagramTests.release.xcconfig */ = {isa = PBXFileReference; includeInIndex = 1; lastKnownFileType = text.xcconfig; name = "Pods-ParstagramTests.release.xcconfig"; path = "Target Support Files/Pods-ParstagramTests/Pods-ParstagramTests.release.xcconfig"; sourceTree = "<group>"; };
		6BC3E9ECB4BB2DE776E19674 /* Pods-Parstagram-ParstagramUITests.debug.xcconfig */ = {isa = PBXFileReference; includeInIndex = 1; lastKnownFileType = text.xcconfig; name = "Pods-Parstagram-ParstagramUITests.debug.xcconfig"; path = "Target Support Files/Pods-Parstagram-ParstagramUITests/Pods-Parstagram-ParstagramUITests.debug.xcconfig"; sourceTree = "<group>"; };
		7BFA93C831E7D5C0CABFCDB4 /* Pods_ParstagramTests.framework */ = {isa = PBXFileReference; explicitFileType = wrapper.framework; includeInIndex = 0; path = Pods_ParstagramTests.framework; sourceTree = BUILT_PRODUCTS_DIR; };
		B56BB0BBAC12B710E8F7ACDD /* Pods-ParstagramTests.debug.xcconfig */ = {isa = PBXFileReference; includeInIndex = 1; lastKnownFileType = text.xcconfig; name = "Pods-ParstagramTests.debug.xcconfig"; path = "Target Support Files/Pods-ParstagramTests/Pods-ParstagramTests.debug.xcconfig"; sourceTree = "<group>"; };
		CC5E12131BC469BE32A14D5F /* Pods-Parstagram.release.xcconfig */ = {isa = PBXFileReference; includeInIndex = 1; lastKnownFileType = text.xcconfig; name = "Pods-Parstagram.release.xcconfig"; path = "Target Support Files/Pods-Parstagram/Pods-Parstagram.release.xcconfig"; sourceTree = "<group>"; };
		D412974304215B4D1723E7EB /* Pods_Parstagram.framework */ = {isa = PBXFileReference; explicitFileType = wrapper.framework; includeInIndex = 0; path = Pods_Parstagram.framework; sourceTree = BUILT_PRODUCTS_DIR; };
		D913CF8627ED6004004129FB /* FeedTableViewCell.swift */ = {isa = PBXFileReference; lastKnownFileType = sourcecode.swift; path = FeedTableViewCell.swift; sourceTree = "<group>"; };
		D96F52C027E6972B0086F953 /* Parstagram.app */ = {isa = PBXFileReference; explicitFileType = wrapper.application; includeInIndex = 0; path = Parstagram.app; sourceTree = BUILT_PRODUCTS_DIR; };
		D96F52C327E6972B0086F953 /* AppDelegate.swift */ = {isa = PBXFileReference; lastKnownFileType = sourcecode.swift; path = AppDelegate.swift; sourceTree = "<group>"; };
		D96F52C527E6972B0086F953 /* SceneDelegate.swift */ = {isa = PBXFileReference; lastKnownFileType = sourcecode.swift; path = SceneDelegate.swift; sourceTree = "<group>"; };
		D96F52CA27E6972B0086F953 /* Base */ = {isa = PBXFileReference; lastKnownFileType = file.storyboard; name = Base; path = Base.lproj/Main.storyboard; sourceTree = "<group>"; };
		D96F52CC27E6972D0086F953 /* Assets.xcassets */ = {isa = PBXFileReference; lastKnownFileType = folder.assetcatalog; path = Assets.xcassets; sourceTree = "<group>"; };
		D96F52CF27E6972D0086F953 /* Base */ = {isa = PBXFileReference; lastKnownFileType = file.storyboard; name = Base; path = Base.lproj/LaunchScreen.storyboard; sourceTree = "<group>"; };
		D96F52D127E6972D0086F953 /* Info.plist */ = {isa = PBXFileReference; lastKnownFileType = text.plist.xml; path = Info.plist; sourceTree = "<group>"; };
		D96F52D627E6972D0086F953 /* ParstagramTests.xctest */ = {isa = PBXFileReference; explicitFileType = wrapper.cfbundle; includeInIndex = 0; path = ParstagramTests.xctest; sourceTree = BUILT_PRODUCTS_DIR; };
		D96F52DA27E6972D0086F953 /* ParstagramTests.swift */ = {isa = PBXFileReference; lastKnownFileType = sourcecode.swift; path = ParstagramTests.swift; sourceTree = "<group>"; };
		D96F52E027E6972D0086F953 /* ParstagramUITests.xctest */ = {isa = PBXFileReference; explicitFileType = wrapper.cfbundle; includeInIndex = 0; path = ParstagramUITests.xctest; sourceTree = BUILT_PRODUCTS_DIR; };
		D96F52E427E6972D0086F953 /* ParstagramUITests.swift */ = {isa = PBXFileReference; lastKnownFileType = sourcecode.swift; path = ParstagramUITests.swift; sourceTree = "<group>"; };
		D96F52E627E6972D0086F953 /* ParstagramUITestsLaunchTests.swift */ = {isa = PBXFileReference; lastKnownFileType = sourcecode.swift; path = ParstagramUITestsLaunchTests.swift; sourceTree = "<group>"; };
		D9A4FAF527F16139002AFDD9 /* CommentTableViewCell.swift */ = {isa = PBXFileReference; lastKnownFileType = sourcecode.swift; path = CommentTableViewCell.swift; sourceTree = "<group>"; };
		D9ACAAB127E6991E00DE37A7 /* my_keys.swift */ = {isa = PBXFileReference; lastKnownFileType = sourcecode.swift; path = my_keys.swift; sourceTree = "<group>"; };
		D9ACAAB327E6A5DF00DE37A7 /* HomeViewController.swift */ = {isa = PBXFileReference; lastKnownFileType = sourcecode.swift; path = HomeViewController.swift; sourceTree = "<group>"; };
		D9ACAAB527E6A5EC00DE37A7 /* LoginViewController.swift */ = {isa = PBXFileReference; lastKnownFileType = sourcecode.swift; path = LoginViewController.swift; sourceTree = "<group>"; };
		D9C3F70B27E962860080CAA9 /* CameraViewController.swift */ = {isa = PBXFileReference; lastKnownFileType = sourcecode.swift; path = CameraViewController.swift; sourceTree = "<group>"; };
/* End PBXFileReference section */

/* Begin PBXFrameworksBuildPhase section */
		D96F52BD27E6972B0086F953 /* Frameworks */ = {
			isa = PBXFrameworksBuildPhase;
			buildActionMask = 2147483647;
			files = (
				750EE4051AF384C1F3E084D3 /* Pods_Parstagram.framework in Frameworks */,
			);
			runOnlyForDeploymentPostprocessing = 0;
		};
		D96F52D327E6972D0086F953 /* Frameworks */ = {
			isa = PBXFrameworksBuildPhase;
			buildActionMask = 2147483647;
			files = (
				91D2A6AF3719E1EE8DAD2371 /* Pods_ParstagramTests.framework in Frameworks */,
			);
			runOnlyForDeploymentPostprocessing = 0;
		};
		D96F52DD27E6972D0086F953 /* Frameworks */ = {
			isa = PBXFrameworksBuildPhase;
			buildActionMask = 2147483647;
			files = (
				9E19363216B95BA3C2FE2E77 /* Pods_Parstagram_ParstagramUITests.framework in Frameworks */,
			);
			runOnlyForDeploymentPostprocessing = 0;
		};
/* End PBXFrameworksBuildPhase section */

/* Begin PBXGroup section */
		3EB0654F4A89E0CDD9CBE69E /* Pods */ = {
			isa = PBXGroup;
			children = (
				67C2B839DE07A4A7C89712C8 /* Pods-Parstagram.debug.xcconfig */,
				CC5E12131BC469BE32A14D5F /* Pods-Parstagram.release.xcconfig */,
				6BC3E9ECB4BB2DE776E19674 /* Pods-Parstagram-ParstagramUITests.debug.xcconfig */,
				11C92A64E73E77F469FBC8A4 /* Pods-Parstagram-ParstagramUITests.release.xcconfig */,
				B56BB0BBAC12B710E8F7ACDD /* Pods-ParstagramTests.debug.xcconfig */,
				695EC750A09A7566727677E4 /* Pods-ParstagramTests.release.xcconfig */,
			);
			path = Pods;
			sourceTree = "<group>";
		};
		503338401912EB136ED4F11E /* Frameworks */ = {
			isa = PBXGroup;
			children = (
				D412974304215B4D1723E7EB /* Pods_Parstagram.framework */,
				2471B77ED3718AB929B8E181 /* Pods_Parstagram_ParstagramUITests.framework */,
				7BFA93C831E7D5C0CABFCDB4 /* Pods_ParstagramTests.framework */,
			);
			name = Frameworks;
			sourceTree = "<group>";
		};
		D96F52B727E6972B0086F953 = {
			isa = PBXGroup;
			children = (
				D96F52C227E6972B0086F953 /* Parstagram */,
				D96F52D927E6972D0086F953 /* ParstagramTests */,
				D96F52C127E6972B0086F953 /* Products */,
				3EB0654F4A89E0CDD9CBE69E /* Pods */,
				503338401912EB136ED4F11E /* Frameworks */,
			);
			sourceTree = "<group>";
		};
		D96F52C127E6972B0086F953 /* Products */ = {
			isa = PBXGroup;
			children = (
				D96F52C027E6972B0086F953 /* Parstagram.app */,
				D96F52D627E6972D0086F953 /* ParstagramTests.xctest */,
				D96F52E027E6972D0086F953 /* ParstagramUITests.xctest */,
			);
			name = Products;
			sourceTree = "<group>";
		};
		D96F52C227E6972B0086F953 /* Parstagram */ = {
			isa = PBXGroup;
			children = (
				D96F52C327E6972B0086F953 /* AppDelegate.swift */,
				D96F52C527E6972B0086F953 /* SceneDelegate.swift */,
				D96F52C927E6972B0086F953 /* Main.storyboard */,
				D96F52CC27E6972D0086F953 /* Assets.xcassets */,
				D96F52CE27E6972D0086F953 /* LaunchScreen.storyboard */,
				D96F52D127E6972D0086F953 /* Info.plist */,
				D9ACAAB127E6991E00DE37A7 /* my_keys.swift */,
				D9ACAAB327E6A5DF00DE37A7 /* HomeViewController.swift */,
				D9ACAAB527E6A5EC00DE37A7 /* LoginViewController.swift */,
				D9C3F70B27E962860080CAA9 /* CameraViewController.swift */,
				D913CF8627ED6004004129FB /* FeedTableViewCell.swift */,
				D9A4FAF527F16139002AFDD9 /* CommentTableViewCell.swift */,
			);
			path = Parstagram;
			sourceTree = "<group>";
		};
		D96F52D927E6972D0086F953 /* ParstagramTests */ = {
			isa = PBXGroup;
			children = (
				D96F52DA27E6972D0086F953 /* ParstagramTests.swift */,
				D96F52E327E6972D0086F953 /* ParstagramUITests */,
			);
			path = ParstagramTests;
			sourceTree = "<group>";
		};
		D96F52E327E6972D0086F953 /* ParstagramUITests */ = {
			isa = PBXGroup;
			children = (
				D96F52E427E6972D0086F953 /* ParstagramUITests.swift */,
				D96F52E627E6972D0086F953 /* ParstagramUITestsLaunchTests.swift */,
			);
			path = ParstagramUITests;
			sourceTree = "<group>";
		};
/* End PBXGroup section */

/* Begin PBXNativeTarget section */
		D96F52BF27E6972B0086F953 /* Parstagram */ = {
			isa = PBXNativeTarget;
			buildConfigurationList = D96F52EA27E6972D0086F953 /* Build configuration list for PBXNativeTarget "Parstagram" */;
			buildPhases = (
				9CC2E663409D372733282FBD /* [CP] Check Pods Manifest.lock */,
				D96F52BC27E6972B0086F953 /* Sources */,
				D96F52BD27E6972B0086F953 /* Frameworks */,
				D96F52BE27E6972B0086F953 /* Resources */,
				10109A6C890212A097484CA8 /* [CP] Embed Pods Frameworks */,
			);
			buildRules = (
			);
			dependencies = (
			);
			name = Parstagram;
			productName = Parstagram;
			productReference = D96F52C027E6972B0086F953 /* Parstagram.app */;
			productType = "com.apple.product-type.application";
		};
		D96F52D527E6972D0086F953 /* ParstagramTests */ = {
			isa = PBXNativeTarget;
			buildConfigurationList = D96F52ED27E6972D0086F953 /* Build configuration list for PBXNativeTarget "ParstagramTests" */;
			buildPhases = (
				6EAFA13E6EFFB1E1D197085A /* [CP] Check Pods Manifest.lock */,
				D96F52D227E6972D0086F953 /* Sources */,
				D96F52D327E6972D0086F953 /* Frameworks */,
				D96F52D427E6972D0086F953 /* Resources */,
			);
			buildRules = (
			);
			dependencies = (
				D96F52D827E6972D0086F953 /* PBXTargetDependency */,
			);
			name = ParstagramTests;
			productName = ParstagramTests;
			productReference = D96F52D627E6972D0086F953 /* ParstagramTests.xctest */;
			productType = "com.apple.product-type.bundle.unit-test";
		};
		D96F52DF27E6972D0086F953 /* ParstagramUITests */ = {
			isa = PBXNativeTarget;
			buildConfigurationList = D96F52F027E6972D0086F953 /* Build configuration list for PBXNativeTarget "ParstagramUITests" */;
			buildPhases = (
				C2DE6DCDCECEA5D7EC4C8F41 /* [CP] Check Pods Manifest.lock */,
				D96F52DC27E6972D0086F953 /* Sources */,
				D96F52DD27E6972D0086F953 /* Frameworks */,
				D96F52DE27E6972D0086F953 /* Resources */,
				763E9FE22E7FC24F3206BC37 /* [CP] Embed Pods Frameworks */,
			);
			buildRules = (
			);
			dependencies = (
				D96F52E227E6972D0086F953 /* PBXTargetDependency */,
			);
			name = ParstagramUITests;
			productName = ParstagramUITests;
			productReference = D96F52E027E6972D0086F953 /* ParstagramUITests.xctest */;
			productType = "com.apple.product-type.bundle.ui-testing";
		};
/* End PBXNativeTarget section */

/* Begin PBXProject section */
		D96F52B827E6972B0086F953 /* Project object */ = {
			isa = PBXProject;
			attributes = {
				BuildIndependentTargetsInParallel = 1;
				LastSwiftUpdateCheck = 1330;
				LastUpgradeCheck = 1330;
				TargetAttributes = {
					D96F52BF27E6972B0086F953 = {
						CreatedOnToolsVersion = 13.3;
					};
					D96F52D527E6972D0086F953 = {
						CreatedOnToolsVersion = 13.3;
						TestTargetID = D96F52BF27E6972B0086F953;
					};
					D96F52DF27E6972D0086F953 = {
						CreatedOnToolsVersion = 13.3;
						TestTargetID = D96F52BF27E6972B0086F953;
					};
				};
			};
			buildConfigurationList = D96F52BB27E6972B0086F953 /* Build configuration list for PBXProject "Parstagram" */;
			compatibilityVersion = "Xcode 13.0";
			developmentRegion = en;
			hasScannedForEncodings = 0;
			knownRegions = (
				en,
				Base,
			);
			mainGroup = D96F52B727E6972B0086F953;
			productRefGroup = D96F52C127E6972B0086F953 /* Products */;
			projectDirPath = "";
			projectRoot = "";
			targets = (
				D96F52BF27E6972B0086F953 /* Parstagram */,
				D96F52D527E6972D0086F953 /* ParstagramTests */,
				D96F52DF27E6972D0086F953 /* ParstagramUITests */,
			);
		};
/* End PBXProject section */

/* Begin PBXResourcesBuildPhase section */
		D96F52BE27E6972B0086F953 /* Resources */ = {
			isa = PBXResourcesBuildPhase;
			buildActionMask = 2147483647;
			files = (
				D96F52D027E6972D0086F953 /* LaunchScreen.storyboard in Resources */,
				D96F52CD27E6972D0086F953 /* Assets.xcassets in Resources */,
				D96F52CB27E6972B0086F953 /* Main.storyboard in Resources */,
			);
			runOnlyForDeploymentPostprocessing = 0;
		};
		D96F52D427E6972D0086F953 /* Resources */ = {
			isa = PBXResourcesBuildPhase;
			buildActionMask = 2147483647;
			files = (
			);
			runOnlyForDeploymentPostprocessing = 0;
		};
		D96F52DE27E6972D0086F953 /* Resources */ = {
			isa = PBXResourcesBuildPhase;
			buildActionMask = 2147483647;
			files = (
			);
			runOnlyForDeploymentPostprocessing = 0;
		};
/* End PBXResourcesBuildPhase section */

/* Begin PBXShellScriptBuildPhase section */
		10109A6C890212A097484CA8 /* [CP] Embed Pods Frameworks */ = {
			isa = PBXShellScriptBuildPhase;
			buildActionMask = 2147483647;
			files = (
			);
			inputFileListPaths = (
				"${PODS_ROOT}/Target Support Files/Pods-Parstagram/Pods-Parstagram-frameworks-${CONFIGURATION}-input-files.xcfilelist",
			);
			name = "[CP] Embed Pods Frameworks";
			outputFileListPaths = (
				"${PODS_ROOT}/Target Support Files/Pods-Parstagram/Pods-Parstagram-frameworks-${CONFIGURATION}-output-files.xcfilelist",
			);
			runOnlyForDeploymentPostprocessing = 0;
			shellPath = /bin/sh;
			shellScript = "\"${PODS_ROOT}/Target Support Files/Pods-Parstagram/Pods-Parstagram-frameworks.sh\"\n";
			showEnvVarsInLog = 0;
		};
		6EAFA13E6EFFB1E1D197085A /* [CP] Check Pods Manifest.lock */ = {
			isa = PBXShellScriptBuildPhase;
			buildActionMask = 2147483647;
			files = (
			);
			inputFileListPaths = (
			);
			inputPaths = (
				"${PODS_PODFILE_DIR_PATH}/Podfile.lock",
				"${PODS_ROOT}/Manifest.lock",
			);
			name = "[CP] Check Pods Manifest.lock";
			outputFileListPaths = (
			);
			outputPaths = (
				"$(DERIVED_FILE_DIR)/Pods-ParstagramTests-checkManifestLockResult.txt",
			);
			runOnlyForDeploymentPostprocessing = 0;
			shellPath = /bin/sh;
			shellScript = "diff \"${PODS_PODFILE_DIR_PATH}/Podfile.lock\" \"${PODS_ROOT}/Manifest.lock\" > /dev/null\nif [ $? != 0 ] ; then\n    # print error to STDERR\n    echo \"error: The sandbox is not in sync with the Podfile.lock. Run 'pod install' or update your CocoaPods installation.\" >&2\n    exit 1\nfi\n# This output is used by Xcode 'outputs' to avoid re-running this script phase.\necho \"SUCCESS\" > \"${SCRIPT_OUTPUT_FILE_0}\"\n";
			showEnvVarsInLog = 0;
		};
		763E9FE22E7FC24F3206BC37 /* [CP] Embed Pods Frameworks */ = {
			isa = PBXShellScriptBuildPhase;
			buildActionMask = 2147483647;
			files = (
			);
			inputFileListPaths = (
				"${PODS_ROOT}/Target Support Files/Pods-Parstagram-ParstagramUITests/Pods-Parstagram-ParstagramUITests-frameworks-${CONFIGURATION}-input-files.xcfilelist",
			);
			name = "[CP] Embed Pods Frameworks";
			outputFileListPaths = (
				"${PODS_ROOT}/Target Support Files/Pods-Parstagram-ParstagramUITests/Pods-Parstagram-ParstagramUITests-frameworks-${CONFIGURATION}-output-files.xcfilelist",
			);
			runOnlyForDeploymentPostprocessing = 0;
			shellPath = /bin/sh;
			shellScript = "\"${PODS_ROOT}/Target Support Files/Pods-Parstagram-ParstagramUITests/Pods-Parstagram-ParstagramUITests-frameworks.sh\"\n";
			showEnvVarsInLog = 0;
		};
		9CC2E663409D372733282FBD /* [CP] Check Pods Manifest.lock */ = {
			isa = PBXShellScriptBuildPhase;
			buildActionMask = 2147483647;
			files = (
			);
			inputFileListPaths = (
			);
			inputPaths = (
				"${PODS_PODFILE_DIR_PATH}/Podfile.lock",
				"${PODS_ROOT}/Manifest.lock",
			);
			name = "[CP] Check Pods Manifest.lock";
			outputFileListPaths = (
			);
			outputPaths = (
				"$(DERIVED_FILE_DIR)/Pods-Parstagram-checkManifestLockResult.txt",
			);
			runOnlyForDeploymentPostprocessing = 0;
			shellPath = /bin/sh;
			shellScript = "diff \"${PODS_PODFILE_DIR_PATH}/Podfile.lock\" \"${PODS_ROOT}/Manifest.lock\" > /dev/null\nif [ $? != 0 ] ; then\n    # print error to STDERR\n    echo \"error: The sandbox is not in sync with the Podfile.lock. Run 'pod install' or update your CocoaPods installation.\" >&2\n    exit 1\nfi\n# This output is used by Xcode 'outputs' to avoid re-running this script phase.\necho \"SUCCESS\" > \"${SCRIPT_OUTPUT_FILE_0}\"\n";
			showEnvVarsInLog = 0;
		};
		C2DE6DCDCECEA5D7EC4C8F41 /* [CP] Check Pods Manifest.lock */ = {
			isa = PBXShellScriptBuildPhase;
			buildActionMask = 2147483647;
			files = (
			);
			inputFileListPaths = (
			);
			inputPaths = (
				"${PODS_PODFILE_DIR_PATH}/Podfile.lock",
				"${PODS_ROOT}/Manifest.lock",
			);
			name = "[CP] Check Pods Manifest.lock";
			outputFileListPaths = (
			);
			outputPaths = (
				"$(DERIVED_FILE_DIR)/Pods-Parstagram-ParstagramUITests-checkManifestLockResult.txt",
			);
			runOnlyForDeploymentPostprocessing = 0;
			shellPath = /bin/sh;
			shellScript = "diff \"${PODS_PODFILE_DIR_PATH}/Podfile.lock\" \"${PODS_ROOT}/Manifest.lock\" > /dev/null\nif [ $? != 0 ] ; then\n    # print error to STDERR\n    echo \"error: The sandbox is not in sync with the Podfile.lock. Run 'pod install' or update your CocoaPods installation.\" >&2\n    exit 1\nfi\n# This output is used by Xcode 'outputs' to avoid re-running this script phase.\necho \"SUCCESS\" > \"${SCRIPT_OUTPUT_FILE_0}\"\n";
			showEnvVarsInLog = 0;
		};
/* End PBXShellScriptBuildPhase section */

/* Begin PBXSourcesBuildPhase section */
		D96F52BC27E6972B0086F953 /* Sources */ = {
			isa = PBXSourcesBuildPhase;
			buildActionMask = 2147483647;
			files = (
				D9ACAAB227E6991E00DE37A7 /* my_keys.swift in Sources */,
				D96F52C427E6972B0086F953 /* AppDelegate.swift in Sources */,
				D913CF8727ED6004004129FB /* FeedTableViewCell.swift in Sources */,
				D9A4FAF627F16139002AFDD9 /* CommentTableViewCell.swift in Sources */,
				D96F52C627E6972B0086F953 /* SceneDelegate.swift in Sources */,
				D9ACAAB627E6A5EC00DE37A7 /* LoginViewController.swift in Sources */,
				D9ACAAB427E6A5DF00DE37A7 /* HomeViewController.swift in Sources */,
				D9C3F70C27E962860080CAA9 /* CameraViewController.swift in Sources */,
			);
			runOnlyForDeploymentPostprocessing = 0;
		};
		D96F52D227E6972D0086F953 /* Sources */ = {
			isa = PBXSourcesBuildPhase;
			buildActionMask = 2147483647;
			files = (
				D96F52DB27E6972D0086F953 /* ParstagramTests.swift in Sources */,
			);
			runOnlyForDeploymentPostprocessing = 0;
		};
		D96F52DC27E6972D0086F953 /* Sources */ = {
			isa = PBXSourcesBuildPhase;
			buildActionMask = 2147483647;
			files = (
				D96F52E727E6972D0086F953 /* ParstagramUITestsLaunchTests.swift in Sources */,
				D96F52E527E6972D0086F953 /* ParstagramUITests.swift in Sources */,
			);
			runOnlyForDeploymentPostprocessing = 0;
		};
/* End PBXSourcesBuildPhase section */

/* Begin PBXTargetDependency section */
		D96F52D827E6972D0086F953 /* PBXTargetDependency */ = {
			isa = PBXTargetDependency;
			target = D96F52BF27E6972B0086F953 /* Parstagram */;
			targetProxy = D96F52D727E6972D0086F953 /* PBXContainerItemProxy */;
		};
		D96F52E227E6972D0086F953 /* PBXTargetDependency */ = {
			isa = PBXTargetDependency;
			target = D96F52BF27E6972B0086F953 /* Parstagram */;
			targetProxy = D96F52E127E6972D0086F953 /* PBXContainerItemProxy */;
		};
/* End PBXTargetDependency section */

/* Begin PBXVariantGroup section */
		D96F52C927E6972B0086F953 /* Main.storyboard */ = {
			isa = PBXVariantGroup;
			children = (
				D96F52CA27E6972B0086F953 /* Base */,
			);
			name = Main.storyboard;
			sourceTree = "<group>";
		};
		D96F52CE27E6972D0086F953 /* LaunchScreen.storyboard */ = {
			isa = PBXVariantGroup;
			children = (
				D96F52CF27E6972D0086F953 /* Base */,
			);
			name = LaunchScreen.storyboard;
			sourceTree = "<group>";
		};
/* End PBXVariantGroup section */

/* Begin XCBuildConfiguration section */
		D96F52E827E6972D0086F953 /* Debug */ = {
			isa = XCBuildConfiguration;
			buildSettings = {
				ALWAYS_SEARCH_USER_PATHS = NO;
				CLANG_ANALYZER_NONNULL = YES;
				CLANG_ANALYZER_NUMBER_OBJECT_CONVERSION = YES_AGGRESSIVE;
				CLANG_CXX_LANGUAGE_STANDARD = "gnu++17";
				CLANG_ENABLE_MODULES = YES;
				CLANG_ENABLE_OBJC_ARC = YES;
				CLANG_ENABLE_OBJC_WEAK = YES;
				CLANG_WARN_BLOCK_CAPTURE_AUTORELEASING = YES;
				CLANG_WARN_BOOL_CONVERSION = YES;
				CLANG_WARN_COMMA = YES;
				CLANG_WARN_CONSTANT_CONVERSION = YES;
				CLANG_WARN_DEPRECATED_OBJC_IMPLEMENTATIONS = YES;
				CLANG_WARN_DIRECT_OBJC_ISA_USAGE = YES_ERROR;
				CLANG_WARN_DOCUMENTATION_COMMENTS = YES;
				CLANG_WARN_EMPTY_BODY = YES;
				CLANG_WARN_ENUM_CONVERSION = YES;
				CLANG_WARN_INFINITE_RECURSION = YES;
				CLANG_WARN_INT_CONVERSION = YES;
				CLANG_WARN_NON_LITERAL_NULL_CONVERSION = YES;
				CLANG_WARN_OBJC_IMPLICIT_RETAIN_SELF = YES;
				CLANG_WARN_OBJC_LITERAL_CONVERSION = YES;
				CLANG_WARN_OBJC_ROOT_CLASS = YES_ERROR;
				CLANG_WARN_QUOTED_INCLUDE_IN_FRAMEWORK_HEADER = YES;
				CLANG_WARN_RANGE_LOOP_ANALYSIS = YES;
				CLANG_WARN_STRICT_PROTOTYPES = YES;
				CLANG_WARN_SUSPICIOUS_MOVE = YES;
				CLANG_WARN_UNGUARDED_AVAILABILITY = YES_AGGRESSIVE;
				CLANG_WARN_UNREACHABLE_CODE = YES;
				CLANG_WARN__DUPLICATE_METHOD_MATCH = YES;
				COPY_PHASE_STRIP = NO;
				DEBUG_INFORMATION_FORMAT = dwarf;
				ENABLE_STRICT_OBJC_MSGSEND = YES;
				ENABLE_TESTABILITY = YES;
				GCC_C_LANGUAGE_STANDARD = gnu11;
				GCC_DYNAMIC_NO_PIC = NO;
				GCC_NO_COMMON_BLOCKS = YES;
				GCC_OPTIMIZATION_LEVEL = 0;
				GCC_PREPROCESSOR_DEFINITIONS = (
					"DEBUG=1",
					"$(inherited)",
				);
				GCC_WARN_64_TO_32_BIT_CONVERSION = YES;
				GCC_WARN_ABOUT_RETURN_TYPE = YES_ERROR;
				GCC_WARN_UNDECLARED_SELECTOR = YES;
				GCC_WARN_UNINITIALIZED_AUTOS = YES_AGGRESSIVE;
				GCC_WARN_UNUSED_FUNCTION = YES;
				GCC_WARN_UNUSED_VARIABLE = YES;
				IPHONEOS_DEPLOYMENT_TARGET = 15.4;
				MTL_ENABLE_DEBUG_INFO = INCLUDE_SOURCE;
				MTL_FAST_MATH = YES;
				ONLY_ACTIVE_ARCH = YES;
				SDKROOT = iphoneos;
				SWIFT_ACTIVE_COMPILATION_CONDITIONS = DEBUG;
				SWIFT_OPTIMIZATION_LEVEL = "-Onone";
			};
			name = Debug;
		};
		D96F52E927E6972D0086F953 /* Release */ = {
			isa = XCBuildConfiguration;
			buildSettings = {
				ALWAYS_SEARCH_USER_PATHS = NO;
				CLANG_ANALYZER_NONNULL = YES;
				CLANG_ANALYZER_NUMBER_OBJECT_CONVERSION = YES_AGGRESSIVE;
				CLANG_CXX_LANGUAGE_STANDARD = "gnu++17";
				CLANG_ENABLE_MODULES = YES;
				CLANG_ENABLE_OBJC_ARC = YES;
				CLANG_ENABLE_OBJC_WEAK = YES;
				CLANG_WARN_BLOCK_CAPTURE_AUTORELEASING = YES;
				CLANG_WARN_BOOL_CONVERSION = YES;
				CLANG_WARN_COMMA = YES;
				CLANG_WARN_CONSTANT_CONVERSION = YES;
				CLANG_WARN_DEPRECATED_OBJC_IMPLEMENTATIONS = YES;
				CLANG_WARN_DIRECT_OBJC_ISA_USAGE = YES_ERROR;
				CLANG_WARN_DOCUMENTATION_COMMENTS = YES;
				CLANG_WARN_EMPTY_BODY = YES;
				CLANG_WARN_ENUM_CONVERSION = YES;
				CLANG_WARN_INFINITE_RECURSION = YES;
				CLANG_WARN_INT_CONVERSION = YES;
				CLANG_WARN_NON_LITERAL_NULL_CONVERSION = YES;
				CLANG_WARN_OBJC_IMPLICIT_RETAIN_SELF = YES;
				CLANG_WARN_OBJC_LITERAL_CONVERSION = YES;
				CLANG_WARN_OBJC_ROOT_CLASS = YES_ERROR;
				CLANG_WARN_QUOTED_INCLUDE_IN_FRAMEWORK_HEADER = YES;
				CLANG_WARN_RANGE_LOOP_ANALYSIS = YES;
				CLANG_WARN_STRICT_PROTOTYPES = YES;
				CLANG_WARN_SUSPICIOUS_MOVE = YES;
				CLANG_WARN_UNGUARDED_AVAILABILITY = YES_AGGRESSIVE;
				CLANG_WARN_UNREACHABLE_CODE = YES;
				CLANG_WARN__DUPLICATE_METHOD_MATCH = YES;
				COPY_PHASE_STRIP = NO;
				DEBUG_INFORMATION_FORMAT = "dwarf-with-dsym";
				ENABLE_NS_ASSERTIONS = NO;
				ENABLE_STRICT_OBJC_MSGSEND = YES;
				GCC_C_LANGUAGE_STANDARD = gnu11;
				GCC_NO_COMMON_BLOCKS = YES;
				GCC_WARN_64_TO_32_BIT_CONVERSION = YES;
				GCC_WARN_ABOUT_RETURN_TYPE = YES_ERROR;
				GCC_WARN_UNDECLARED_SELECTOR = YES;
				GCC_WARN_UNINITIALIZED_AUTOS = YES_AGGRESSIVE;
				GCC_WARN_UNUSED_FUNCTION = YES;
				GCC_WARN_UNUSED_VARIABLE = YES;
				IPHONEOS_DEPLOYMENT_TARGET = 15.4;
				MTL_ENABLE_DEBUG_INFO = NO;
				MTL_FAST_MATH = YES;
				SDKROOT = iphoneos;
				SWIFT_COMPILATION_MODE = wholemodule;
				SWIFT_OPTIMIZATION_LEVEL = "-O";
				VALIDATE_PRODUCT = YES;
			};
			name = Release;
		};
		D96F52EB27E6972D0086F953 /* Debug */ = {
			isa = XCBuildConfiguration;
			baseConfigurationReference = 67C2B839DE07A4A7C89712C8 /* Pods-Parstagram.debug.xcconfig */;
			buildSettings = {
				ASSETCATALOG_COMPILER_APPICON_NAME = AppIcon;
				ASSETCATALOG_COMPILER_GLOBAL_ACCENT_COLOR_NAME = AccentColor;
				CODE_SIGN_STYLE = Automatic;
				CURRENT_PROJECT_VERSION = 1;
				DEVELOPMENT_TEAM = 8XC6RWKQJP;
				GENERATE_INFOPLIST_FILE = YES;
				INFOPLIST_FILE = Parstagram/Info.plist;
				INFOPLIST_KEY_UIApplicationSupportsIndirectInputEvents = YES;
				INFOPLIST_KEY_UILaunchStoryboardName = LaunchScreen;
				INFOPLIST_KEY_UIMainStoryboardFile = Main;
				INFOPLIST_KEY_UISupportedInterfaceOrientations_iPad = "UIInterfaceOrientationPortrait UIInterfaceOrientationPortraitUpsideDown UIInterfaceOrientationLandscapeLeft UIInterfaceOrientationLandscapeRight";
				INFOPLIST_KEY_UISupportedInterfaceOrientations_iPhone = "UIInterfaceOrientationPortrait UIInterfaceOrientationLandscapeLeft UIInterfaceOrientationLandscapeRight";
				LD_RUNPATH_SEARCH_PATHS = (
					"$(inherited)",
					"@executable_path/Frameworks",
				);
				MARKETING_VERSION = 1.0;
				PRODUCT_BUNDLE_IDENTIFIER = com.oustella.Parstagram;
				PRODUCT_NAME = "$(TARGET_NAME)";
				SWIFT_EMIT_LOC_STRINGS = YES;
				SWIFT_VERSION = 5.0;
				TARGETED_DEVICE_FAMILY = "1,2";
			};
			name = Debug;
		};
		D96F52EC27E6972D0086F953 /* Release */ = {
			isa = XCBuildConfiguration;
			baseConfigurationReference = CC5E12131BC469BE32A14D5F /* Pods-Parstagram.release.xcconfig */;
			buildSettings = {
				ASSETCATALOG_COMPILER_APPICON_NAME = AppIcon;
				ASSETCATALOG_COMPILER_GLOBAL_ACCENT_COLOR_NAME = AccentColor;
				CODE_SIGN_STYLE = Automatic;
				CURRENT_PROJECT_VERSION = 1;
				DEVELOPMENT_TEAM = 8XC6RWKQJP;
				GENERATE_INFOPLIST_FILE = YES;
				INFOPLIST_FILE = Parstagram/Info.plist;
				INFOPLIST_KEY_UIApplicationSupportsIndirectInputEvents = YES;
				INFOPLIST_KEY_UILaunchStoryboardName = LaunchScreen;
				INFOPLIST_KEY_UIMainStoryboardFile = Main;
				INFOPLIST_KEY_UISupportedInterfaceOrientations_iPad = "UIInterfaceOrientationPortrait UIInterfaceOrientationPortraitUpsideDown UIInterfaceOrientationLandscapeLeft UIInterfaceOrientationLandscapeRight";
				INFOPLIST_KEY_UISupportedInterfaceOrientations_iPhone = "UIInterfaceOrientationPortrait UIInterfaceOrientationLandscapeLeft UIInterfaceOrientationLandscapeRight";
				LD_RUNPATH_SEARCH_PATHS = (
					"$(inherited)",
					"@executable_path/Frameworks",
				);
				MARKETING_VERSION = 1.0;
				PRODUCT_BUNDLE_IDENTIFIER = com.oustella.Parstagram;
				PRODUCT_NAME = "$(TARGET_NAME)";
				SWIFT_EMIT_LOC_STRINGS = YES;
				SWIFT_VERSION = 5.0;
				TARGETED_DEVICE_FAMILY = "1,2";
			};
			name = Release;
		};
		D96F52EE27E6972D0086F953 /* Debug */ = {
			isa = XCBuildConfiguration;
			baseConfigurationReference = B56BB0BBAC12B710E8F7ACDD /* Pods-ParstagramTests.debug.xcconfig */;
			buildSettings = {
				ALWAYS_EMBED_SWIFT_STANDARD_LIBRARIES = YES;
				BUNDLE_LOADER = "$(TEST_HOST)";
				CODE_SIGN_STYLE = Automatic;
				CURRENT_PROJECT_VERSION = 1;
				DEVELOPMENT_TEAM = 8XC6RWKQJP;
				GENERATE_INFOPLIST_FILE = YES;
				IPHONEOS_DEPLOYMENT_TARGET = 15.4;
				MARKETING_VERSION = 1.0;
				PRODUCT_BUNDLE_IDENTIFIER = com.oustella.ParstagramTests;
				PRODUCT_NAME = "$(TARGET_NAME)";
				SWIFT_EMIT_LOC_STRINGS = NO;
				SWIFT_VERSION = 5.0;
				TARGETED_DEVICE_FAMILY = "1,2";
				TEST_HOST = "$(BUILT_PRODUCTS_DIR)/Parstagram.app/Parstagram";
			};
			name = Debug;
		};
		D96F52EF27E6972D0086F953 /* Release */ = {
			isa = XCBuildConfiguration;
			baseConfigurationReference = 695EC750A09A7566727677E4 /* Pods-ParstagramTests.release.xcconfig */;
			buildSettings = {
				ALWAYS_EMBED_SWIFT_STANDARD_LIBRARIES = YES;
				BUNDLE_LOADER = "$(TEST_HOST)";
				CODE_SIGN_STYLE = Automatic;
				CURRENT_PROJECT_VERSION = 1;
				DEVELOPMENT_TEAM = 8XC6RWKQJP;
				GENERATE_INFOPLIST_FILE = YES;
				IPHONEOS_DEPLOYMENT_TARGET = 15.4;
				MARKETING_VERSION = 1.0;
				PRODUCT_BUNDLE_IDENTIFIER = com.oustella.ParstagramTests;
				PRODUCT_NAME = "$(TARGET_NAME)";
				SWIFT_EMIT_LOC_STRINGS = NO;
				SWIFT_VERSION = 5.0;
				TARGETED_DEVICE_FAMILY = "1,2";
				TEST_HOST = "$(BUILT_PRODUCTS_DIR)/Parstagram.app/Parstagram";
			};
			name = Release;
		};
		D96F52F127E6972D0086F953 /* Debug */ = {
			isa = XCBuildConfiguration;
			baseConfigurationReference = 6BC3E9ECB4BB2DE776E19674 /* Pods-Parstagram-ParstagramUITests.debug.xcconfig */;
			buildSettings = {
				ALWAYS_EMBED_SWIFT_STANDARD_LIBRARIES = YES;
				CODE_SIGN_STYLE = Automatic;
				CURRENT_PROJECT_VERSION = 1;
				DEVELOPMENT_TEAM = 8XC6RWKQJP;
				GENERATE_INFOPLIST_FILE = YES;
				MARKETING_VERSION = 1.0;
				PRODUCT_BUNDLE_IDENTIFIER = com.oustella.ParstagramUITests;
				PRODUCT_NAME = "$(TARGET_NAME)";
				SWIFT_EMIT_LOC_STRINGS = NO;
				SWIFT_VERSION = 5.0;
				TARGETED_DEVICE_FAMILY = "1,2";
				TEST_TARGET_NAME = Parstagram;
			};
			name = Debug;
		};
		D96F52F227E6972D0086F953 /* Release */ = {
			isa = XCBuildConfiguration;
			baseConfigurationReference = 11C92A64E73E77F469FBC8A4 /* Pods-Parstagram-ParstagramUITests.release.xcconfig */;
			buildSettings = {
				ALWAYS_EMBED_SWIFT_STANDARD_LIBRARIES = YES;
				CODE_SIGN_STYLE = Automatic;
				CURRENT_PROJECT_VERSION = 1;
				DEVELOPMENT_TEAM = 8XC6RWKQJP;
				GENERATE_INFOPLIST_FILE = YES;
				MARKETING_VERSION = 1.0;
				PRODUCT_BUNDLE_IDENTIFIER = com.oustella.ParstagramUITests;
				PRODUCT_NAME = "$(TARGET_NAME)";
				SWIFT_EMIT_LOC_STRINGS = NO;
				SWIFT_VERSION = 5.0;
				TARGETED_DEVICE_FAMILY = "1,2";
				TEST_TARGET_NAME = Parstagram;
			};
			name = Release;
		};
/* End XCBuildConfiguration section */

/* Begin XCConfigurationList section */
		D96F52BB27E6972B0086F953 /* Build configuration list for PBXProject "Parstagram" */ = {
			isa = XCConfigurationList;
			buildConfigurations = (
				D96F52E827E6972D0086F953 /* Debug */,
				D96F52E927E6972D0086F953 /* Release */,
			);
			defaultConfigurationIsVisible = 0;
			defaultConfigurationName = Release;
		};
		D96F52EA27E6972D0086F953 /* Build configuration list for PBXNativeTarget "Parstagram" */ = {
			isa = XCConfigurationList;
			buildConfigurations = (
				D96F52EB27E6972D0086F953 /* Debug */,
				D96F52EC27E6972D0086F953 /* Release */,
			);
			defaultConfigurationIsVisible = 0;
			defaultConfigurationName = Release;
		};
		D96F52ED27E6972D0086F953 /* Build configuration list for PBXNativeTarget "ParstagramTests" */ = {
			isa = XCConfigurationList;
			buildConfigurations = (
				D96F52EE27E6972D0086F953 /* Debug */,
				D96F52EF27E6972D0086F953 /* Release */,
			);
			defaultConfigurationIsVisible = 0;
			defaultConfigurationName = Release;
		};
		D96F52F027E6972D0086F953 /* Build configuration list for PBXNativeTarget "ParstagramUITests" */ = {
			isa = XCConfigurationList;
			buildConfigurations = (
				D96F52F127E6972D0086F953 /* Debug */,
				D96F52F227E6972D0086F953 /* Release */,
			);
			defaultConfigurationIsVisible = 0;
			defaultConfigurationName = Release;
		};
/* End XCConfigurationList section */
	};
	rootObject = D96F52B827E6972B0086F953 /* Project object */;
}
